
Microsoft Visual Studio Solution File, Format Version 12.00
# Visual Studio Version 16
VisualStudioVersion = 16.0.31624.102
MinimumVisualStudioVersion = 10.0.40219.1
Project("{FAE04EC0-301F-11D3-BF4B-00C04F79EFBC}") = "YXTeddyBears", "YXTeddyBears\YXTeddyBears.csproj", "{984837D7-8D99-482F-A13F-66DA3450D2D7}"
EndProject
Global
	GlobalSection(SolutionConfigurationPlatforms) = preSolution
		Debug|Any CPU = Debug|Any CPU
		Release|Any CPU = Release|Any CPU
	EndGlobalSection
	GlobalSection(ProjectConfigurationPlatforms) = postSolution
		{984837D7-8D99-482F-A13F-66DA3450D2D7}.Debug|Any CPU.ActiveCfg = Debug|Any CPU
		{984837D7-8D99-482F-A13F-66DA3450D2D7}.Debug|Any CPU.Build.0 = Debug|Any CPU
		{984837D7-8D99-482F-A13F-66DA3450D2D7}.Release|Any CPU.ActiveCfg = Release|Any CPU
		{984837D7-8D99-482F-A13F-66DA3450D2D7}.Release|Any CPU.Build.0 = Release|Any CPU
	EndGlobalSection
	GlobalSection(SolutionProperties) = preSolution
		HideSolutionNode = FALSE
	EndGlobalSection
	GlobalSection(ExtensibilityGlobals) = postSolution
		SolutionGuid = {E4E9948E-25D1-4FE0-A067-0C667891E550}
	EndGlobalSection
EndGlobal
